
Microsoft Visual Studio Solution File, Format Version 12.00
# Visual Studio 15
VisualStudioVersion = 15.0.28010.2048
MinimumVisualStudioVersion = 10.0.40219.1
Project("{FAE04EC0-301F-11D3-BF4B-00C04F79EFBC}") = "ISPLabs", "ISPLabs\ISPLabs.csproj", "{929C5E86-AC4A-40EB-B117-A63576D14EA4}"
EndProject
Global
	GlobalSection(SolutionConfigurationPlatforms) = preSolution
		Debug|Any CPU = Debug|Any CPU
		Release|Any CPU = Release|Any CPU
	EndGlobalSection
	GlobalSection(ProjectConfigurationPlatforms) = postSolution
		{929C5E86-AC4A-40EB-B117-A63576D14EA4}.Debug|Any CPU.ActiveCfg = Debug|Any CPU
		{929C5E86-AC4A-40EB-B117-A63576D14EA4}.Debug|Any CPU.Build.0 = Debug|Any CPU
		{929C5E86-AC4A-40EB-B117-A63576D14EA4}.Release|Any CPU.ActiveCfg = Release|Any CPU
		{929C5E86-AC4A-40EB-B117-A63576D14EA4}.Release|Any CPU.Build.0 = Release|Any CPU
	EndGlobalSection
	GlobalSection(SolutionProperties) = preSolution
		HideSolutionNode = FALSE
	EndGlobalSection
	GlobalSection(ExtensibilityGlobals) = postSolution
		SolutionGuid = {22F71EFB-1852-492E-8836-9614AA70F44F}
	EndGlobalSection
EndGlobal
